
Microsoft Visual Studio Solution File, Format Version 12.00
# Visual Studio Version 17
VisualStudioVersion = 17.6.33829.357
MinimumVisualStudioVersion = 10.0.40219.1
Project("{9A19103F-16F7-4668-BE54-9A1E7A4F7556}") = "AddIdentityWasm.Server", "AddIdentityWasm\Server\AddIdentityWasm.Server.csproj", "{27AA1EAB-5924-4F4B-84E4-90B842AB7EF1}"
EndProject
Project("{9A19103F-16F7-4668-BE54-9A1E7A4F7556}") = "AddIdentityWasm.Client", "AddIdentityWasm\Client\AddIdentityWasm.Client.csproj", "{CE9E9A17-8E7E-4A84-9552-509DB28DA6AD}"
EndProject
Project("{9A19103F-16F7-4668-BE54-9A1E7A4F7556}") = "AddIdentityWasm.Shared", "AddIdentityWasm\Shared\AddIdentityWasm.Shared.csproj", "{C97335BB-5307-4C82-8496-18131CDB4429}"
EndProject
Global
	GlobalSection(SolutionConfigurationPlatforms) = preSolution
		Debug|Any CPU = Debug|Any CPU
		Release|Any CPU = Release|Any CPU
	EndGlobalSection
	GlobalSection(ProjectConfigurationPlatforms) = postSolution
		{27AA1EAB-5924-4F4B-84E4-90B842AB7EF1}.Debug|Any CPU.ActiveCfg = Debug|Any CPU
		{27AA1EAB-5924-4F4B-84E4-90B842AB7EF1}.Debug|Any CPU.Build.0 = Debug|Any CPU
		{27AA1EAB-5924-4F4B-84E4-90B842AB7EF1}.Release|Any CPU.ActiveCfg = Release|Any CPU
		{27AA1EAB-5924-4F4B-84E4-90B842AB7EF1}.Release|Any CPU.Build.0 = Release|Any CPU
		{CE9E9A17-8E7E-4A84-9552-509DB28DA6AD}.Debug|Any CPU.ActiveCfg = Debug|Any CPU
		{CE9E9A17-8E7E-4A84-9552-509DB28DA6AD}.Debug|Any CPU.Build.0 = Debug|Any CPU
		{CE9E9A17-8E7E-4A84-9552-509DB28DA6AD}.Release|Any CPU.ActiveCfg = Release|Any CPU
		{CE9E9A17-8E7E-4A84-9552-509DB28DA6AD}.Release|Any CPU.Build.0 = Release|Any CPU
		{C97335BB-5307-4C82-8496-18131CDB4429}.Debug|Any CPU.ActiveCfg = Debug|Any CPU
		{C97335BB-5307-4C82-8496-18131CDB4429}.Debug|Any CPU.Build.0 = Debug|Any CPU
		{C97335BB-5307-4C82-8496-18131CDB4429}.Release|Any CPU.ActiveCfg = Release|Any CPU
		{C97335BB-5307-4C82-8496-18131CDB4429}.Release|Any CPU.Build.0 = Release|Any CPU
	EndGlobalSection
	GlobalSection(SolutionProperties) = preSolution
		HideSolutionNode = FALSE
	EndGlobalSection
	GlobalSection(ExtensibilityGlobals) = postSolution
		SolutionGuid = {4DE4555F-119D-4E07-BB78-2DB31B840F8C}
	EndGlobalSection
EndGlobal
